
Microsoft Visual Studio Solution File, Format Version 12.00
# Visual Studio 15
VisualStudioVersion = 15.0.28307.271
MinimumVisualStudioVersion = 10.0.40219.1
Project("{FAE04EC0-301F-11D3-BF4B-00C04F79EFBC}") = "TargetedGhostmode", "TargetedGhostmode\TargetedGhostmode.csproj", "{CC6C6E22-B200-44F8-87A9-F59BBBA3E82F}"
EndProject
Global
	GlobalSection(SolutionConfigurationPlatforms) = preSolution
		Debug|Any CPU = Debug|Any CPU
		Release|Any CPU = Release|Any CPU
	EndGlobalSection
	GlobalSection(ProjectConfigurationPlatforms) = postSolution
		{CC6C6E22-B200-44F8-87A9-F59BBBA3E82F}.Debug|Any CPU.ActiveCfg = Debug|Any CPU
		{CC6C6E22-B200-44F8-87A9-F59BBBA3E82F}.Debug|Any CPU.Build.0 = Debug|Any CPU
		{CC6C6E22-B200-44F8-87A9-F59BBBA3E82F}.Release|Any CPU.ActiveCfg = Release|Any CPU
		{CC6C6E22-B200-44F8-87A9-F59BBBA3E82F}.Release|Any CPU.Build.0 = Release|Any CPU
	EndGlobalSection
	GlobalSection(SolutionProperties) = preSolution
		HideSolutionNode = FALSE
	EndGlobalSection
	GlobalSection(ExtensibilityGlobals) = postSolution
		SolutionGuid = {D036D71D-4465-4290-A646-FA2547BE6505}
	EndGlobalSection
EndGlobal
